{
  "version": 4,
  "terraform_version": "0.13.7",
  "serial": 6,
  "lineage": "834b5db3-fcc2-afee-19ce-11d034d59744",
  "outputs": {
    "bucket_id": {
      "value": "smoothstack-demo",
      "type": "string"
    },
    "bucket_name": {
      "value": "smoothstack-demo",
      "type": "string"
    },
    "tag_deployment": {
      "value": "auto-terraform",
      "type": "string"
    },
    "tag_enviornment": {
      "value": "sandbox",
      "type": "string"
    },
    "tag_region": {
      "value": "us-east-2",
      "type": "string"
    }
  },
  "resources": [
    {
      "mode": "managed",
      "type": "aws_s3_bucket",
      "name": "demo_bucket",
      "provider": "provider[\"registry.terraform.io/hashicorp/aws\"]",
      "instances": [
        {
          "schema_version": 0,
          "attributes": {
            "acceleration_status": "",
            "acl": null,
            "arn": "arn:aws:s3:::smoothstack-demo",
            "bucket": "smoothstack-demo",
            "bucket_domain_name": "smoothstack-demo.s3.amazonaws.com",
            "bucket_prefix": null,
            "bucket_regional_domain_name": "smoothstack-demo.s3.us-east-2.amazonaws.com",
            "cors_rule": [],
            "force_destroy": false,
            "grant": [
              {
                "id": "9deee1b2ee66da166cd3e883176f6a8ec1c15e0d633eb546e1f3a8feb45445ba",
                "permissions": [
                  "FULL_CONTROL"
                ],
                "type": "CanonicalUser",
                "uri": ""
              }
            ],
            "hosted_zone_id": "Z2O1EMRO9K5GLX",
            "id": "smoothstack-demo",
            "lifecycle_rule": [],
            "logging": [],
            "object_lock_configuration": [],
            "object_lock_enabled": false,
            "policy": "",
            "region": "us-east-2",
            "replication_configuration": [],
            "request_payer": "BucketOwner",
            "server_side_encryption_configuration": [],
            "tags": {
              "deployment": "auto-terraform",
              "enviornment": "sandbox",
              "region": "us-east-2"
            },
            "tags_all": {
              "deployment": "auto-terraform",
              "enviornment": "sandbox",
              "region": "us-east-2"
            },
            "versioning": [
              {
                "enabled": true,
                "mfa_delete": false
              }
            ],
            "website": [],
            "website_domain": null,
            "website_endpoint": null
          },
          "private": "bnVsbA=="
        }
      ]
    }
  ]
}
